
Microsoft Visual Studio Solution File, Format Version 12.00
# Visual Studio Version 17
VisualStudioVersion = 17.0.32112.339
MinimumVisualStudioVersion = 10.0.40219.1
Project("{8BC9CEB8-8B4A-11D0-8D11-00A0C91BC942}") = "harumachiart", "harumachiart\harumachiart.vcxproj", "{BDE3CB16-D090-4092-8FC4-78A91987B192}"
EndProject
Global
	GlobalSection(SolutionConfigurationPlatforms) = preSolution
		Debug|x64 = Debug|x64
		Debug|x86 = Debug|x86
		Release|x64 = Release|x64
		Release|x86 = Release|x86
	EndGlobalSection
	GlobalSection(ProjectConfigurationPlatforms) = postSolution
		{BDE3CB16-D090-4092-8FC4-78A91987B192}.Debug|x64.ActiveCfg = Debug|x64
		{BDE3CB16-D090-4092-8FC4-78A91987B192}.Debug|x64.Build.0 = Debug|x64
		{BDE3CB16-D090-4092-8FC4-78A91987B192}.Debug|x86.ActiveCfg = Debug|Win32
		{BDE3CB16-D090-4092-8FC4-78A91987B192}.Debug|x86.Build.0 = Debug|Win32
		{BDE3CB16-D090-4092-8FC4-78A91987B192}.Release|x64.ActiveCfg = Release|x64
		{BDE3CB16-D090-4092-8FC4-78A91987B192}.Release|x64.Build.0 = Release|x64
		{BDE3CB16-D090-4092-8FC4-78A91987B192}.Release|x86.ActiveCfg = Release|Win32
		{BDE3CB16-D090-4092-8FC4-78A91987B192}.Release|x86.Build.0 = Release|Win32
	EndGlobalSection
	GlobalSection(SolutionProperties) = preSolution
		HideSolutionNode = FALSE
	EndGlobalSection
	GlobalSection(ExtensibilityGlobals) = postSolution
		SolutionGuid = {7BCC96D2-CA19-4E23-94F1-E946985ABE08}
	EndGlobalSection
EndGlobal
